
Microsoft Visual Studio Solution File, Format Version 12.00
# Visual Studio 15
VisualStudioVersion = 15.0.28307.1062
MinimumVisualStudioVersion = 10.0.40219.1
Project("{FAE04EC0-301F-11D3-BF4B-00C04F79EFBC}") = "Editor", "Editor\Editor.csproj", "{EDEDD389-8B0C-4330-A962-35E63104DBBB}"
EndProject
Global
	GlobalSection(SolutionConfigurationPlatforms) = preSolution
		Debug|Any CPU = Debug|Any CPU
		Release|Any CPU = Release|Any CPU
	EndGlobalSection
	GlobalSection(ProjectConfigurationPlatforms) = postSolution
		{EDEDD389-8B0C-4330-A962-35E63104DBBB}.Debug|Any CPU.ActiveCfg = Debug|Any CPU
		{EDEDD389-8B0C-4330-A962-35E63104DBBB}.Debug|Any CPU.Build.0 = Debug|Any CPU
		{EDEDD389-8B0C-4330-A962-35E63104DBBB}.Release|Any CPU.ActiveCfg = Release|Any CPU
		{EDEDD389-8B0C-4330-A962-35E63104DBBB}.Release|Any CPU.Build.0 = Release|Any CPU
	EndGlobalSection
	GlobalSection(SolutionProperties) = preSolution
		HideSolutionNode = FALSE
	EndGlobalSection
	GlobalSection(ExtensibilityGlobals) = postSolution
		SolutionGuid = {B521B4EA-4B54-4EA3-B193-55C815DEC1C9}
	EndGlobalSection
EndGlobal
